
Microsoft Visual Studio Solution File, Format Version 12.00
# Visual Studio Version 17
VisualStudioVersion = 17.4.33403.182
MinimumVisualStudioVersion = 10.0.40219.1
Project("{FAE04EC0-301F-11D3-BF4B-00C04F79EFBC}") = "OnlineLibrary.Entities", "OnlineLibrary.Entities\OnlineLibrary.Entities.csproj", "{0FDD2754-FA65-4F11-AF2C-031D90F53851}"
EndProject
Project("{FAE04EC0-301F-11D3-BF4B-00C04F79EFBC}") = "OnlineLibrary.Core", "OnlineLibrary.Core\OnlineLibrary.Core.csproj", "{74886B11-2EFC-4EC1-9683-08C2751711FE}"
EndProject
Project("{FAE04EC0-301F-11D3-BF4B-00C04F79EFBC}") = "OnlineLibrary.DataAccess", "OnlineLibrary.DataAccess\OnlineLibrary.DataAccess.csproj", "{9758DB1B-AE32-41B4-A1CD-9DB93EE1D6AB}"
EndProject
Project("{FAE04EC0-301F-11D3-BF4B-00C04F79EFBC}") = "OnlineLibrary.Business", "OnlineLibrary.Business\OnlineLibrary.Business.csproj", "{89F3A1A3-CD6C-43D5-9996-6EEBFA3AC5D9}"
EndProject
Project("{FAE04EC0-301F-11D3-BF4B-00C04F79EFBC}") = "OnlineLibrary.WebAPI", "OnlineLibrary.WebAPI\OnlineLibrary.WebAPI.csproj", "{3AF20045-F1C5-44AE-A15B-CF91A1F7B4CD}"
EndProject
Global
	GlobalSection(SolutionConfigurationPlatforms) = preSolution
		Debug|Any CPU = Debug|Any CPU
		Release|Any CPU = Release|Any CPU
	EndGlobalSection
	GlobalSection(ProjectConfigurationPlatforms) = postSolution
		{0FDD2754-FA65-4F11-AF2C-031D90F53851}.Debug|Any CPU.ActiveCfg = Debug|Any CPU
		{0FDD2754-FA65-4F11-AF2C-031D90F53851}.Debug|Any CPU.Build.0 = Debug|Any CPU
		{0FDD2754-FA65-4F11-AF2C-031D90F53851}.Release|Any CPU.ActiveCfg = Release|Any CPU
		{0FDD2754-FA65-4F11-AF2C-031D90F53851}.Release|Any CPU.Build.0 = Release|Any CPU
		{74886B11-2EFC-4EC1-9683-08C2751711FE}.Debug|Any CPU.ActiveCfg = Debug|Any CPU
		{74886B11-2EFC-4EC1-9683-08C2751711FE}.Debug|Any CPU.Build.0 = Debug|Any CPU
		{74886B11-2EFC-4EC1-9683-08C2751711FE}.Release|Any CPU.ActiveCfg = Release|Any CPU
		{74886B11-2EFC-4EC1-9683-08C2751711FE}.Release|Any CPU.Build.0 = Release|Any CPU
		{9758DB1B-AE32-41B4-A1CD-9DB93EE1D6AB}.Debug|Any CPU.ActiveCfg = Debug|Any CPU
		{9758DB1B-AE32-41B4-A1CD-9DB93EE1D6AB}.Debug|Any CPU.Build.0 = Debug|Any CPU
		{9758DB1B-AE32-41B4-A1CD-9DB93EE1D6AB}.Release|Any CPU.ActiveCfg = Release|Any CPU
		{9758DB1B-AE32-41B4-A1CD-9DB93EE1D6AB}.Release|Any CPU.Build.0 = Release|Any CPU
		{89F3A1A3-CD6C-43D5-9996-6EEBFA3AC5D9}.Debug|Any CPU.ActiveCfg = Debug|Any CPU
		{89F3A1A3-CD6C-43D5-9996-6EEBFA3AC5D9}.Debug|Any CPU.Build.0 = Debug|Any CPU
		{89F3A1A3-CD6C-43D5-9996-6EEBFA3AC5D9}.Release|Any CPU.ActiveCfg = Release|Any CPU
		{89F3A1A3-CD6C-43D5-9996-6EEBFA3AC5D9}.Release|Any CPU.Build.0 = Release|Any CPU
		{3AF20045-F1C5-44AE-A15B-CF91A1F7B4CD}.Debug|Any CPU.ActiveCfg = Debug|Any CPU
		{3AF20045-F1C5-44AE-A15B-CF91A1F7B4CD}.Debug|Any CPU.Build.0 = Debug|Any CPU
		{3AF20045-F1C5-44AE-A15B-CF91A1F7B4CD}.Release|Any CPU.ActiveCfg = Release|Any CPU
		{3AF20045-F1C5-44AE-A15B-CF91A1F7B4CD}.Release|Any CPU.Build.0 = Release|Any CPU
	EndGlobalSection
	GlobalSection(SolutionProperties) = preSolution
		HideSolutionNode = FALSE
	EndGlobalSection
	GlobalSection(ExtensibilityGlobals) = postSolution
		SolutionGuid = {9559131F-3699-4042-A22B-43463C246EB1}
	EndGlobalSection
EndGlobal
